
Microsoft Visual Studio Solution File, Format Version 12.00
# Visual Studio Version 16
VisualStudioVersion = 16.0.32228.343
MinimumVisualStudioVersion = 10.0.40219.1
Project("{FAE04EC0-301F-11D3-BF4B-00C04F79EFBC}") = "DirDiff", "DirDiff\DirDiff.csproj", "{30D1649D-170C-4596-A69A-32E9F7258C20}"
EndProject
Global
	GlobalSection(SolutionConfigurationPlatforms) = preSolution
		Debug|Any CPU = Debug|Any CPU
		Release|Any CPU = Release|Any CPU
	EndGlobalSection
	GlobalSection(ProjectConfigurationPlatforms) = postSolution
		{30D1649D-170C-4596-A69A-32E9F7258C20}.Debug|Any CPU.ActiveCfg = Debug|Any CPU
		{30D1649D-170C-4596-A69A-32E9F7258C20}.Debug|Any CPU.Build.0 = Debug|Any CPU
		{30D1649D-170C-4596-A69A-32E9F7258C20}.Release|Any CPU.ActiveCfg = Release|Any CPU
		{30D1649D-170C-4596-A69A-32E9F7258C20}.Release|Any CPU.Build.0 = Release|Any CPU
	EndGlobalSection
	GlobalSection(SolutionProperties) = preSolution
		HideSolutionNode = FALSE
	EndGlobalSection
	GlobalSection(ExtensibilityGlobals) = postSolution
		SolutionGuid = {C717CCA3-2303-4FC4-9ED8-C592D58F76BF}
	EndGlobalSection
EndGlobal
